Microsoft Visual Studio Solution File, Format Version 12.00
# Visual Studio Version 17
VisualStudioVersion = 17.5.2.0
MinimumVisualStudioVersion = 10.0.40219.1
Project("{FAE04EC0-301F-11D3-BF4B-00C04F79EFBC}") = "Net-Test-2025", "Net-Test-2025.csproj", "{3AFC46D0-B22F-C8AD-E334-AD50E8F18F98}"
EndProject
Global
	GlobalSection(SolutionConfigurationPlatforms) = preSolution
		Debug|Any CPU = Debug|Any CPU
		Release|Any CPU = Release|Any CPU
	EndGlobalSection
	GlobalSection(ProjectConfigurationPlatforms) = postSolution
		{3AFC46D0-B22F-C8AD-E334-AD50E8F18F98}.Debug|Any CPU.ActiveCfg = Debug|Any CPU
		{3AFC46D0-B22F-C8AD-E334-AD50E8F18F98}.Debug|Any CPU.Build.0 = Debug|Any CPU
		{3AFC46D0-B22F-C8AD-E334-AD50E8F18F98}.Release|Any CPU.ActiveCfg = Release|Any CPU
		{3AFC46D0-B22F-C8AD-E334-AD50E8F18F98}.Release|Any CPU.Build.0 = Release|Any CPU
	EndGlobalSection
	GlobalSection(SolutionProperties) = preSolution
		HideSolutionNode = FALSE
	EndGlobalSection
	GlobalSection(ExtensibilityGlobals) = postSolution
		SolutionGuid = {7F66EE1E-06F3-47B7-9E52-C0947118060F}
	EndGlobalSection
EndGlobal
